// !$*UTF8*$!
{
	archiveVersion = 1;
	classes = {
	};
	objectVersion = 55;
	objects = {

/* Begin PBXBuildFile section */
		543C605A2820106500558D7B /* CategoryView.swift in Sources */ = {isa = PBXBuildFile; fileRef = 543C60592820106500558D7B /* CategoryView.swift */; };
		5467D79E281ECA8100F8EFF8 /* RecipeCard.swift in Sources */ = {isa = PBXBuildFile; fileRef = 5467D79D281ECA8100F8EFF8 /* RecipeCard.swift */; };
		5467D7A0281EEFD900F8EFF8 /* RecipeList.swift in Sources */ = {isa = PBXBuildFile; fileRef = 5467D79F281EEFD900F8EFF8 /* RecipeList.swift */; };
		5467D7A2281EF72300F8EFF8 /* RecipeView.swift in Sources */ = {isa = PBXBuildFile; fileRef = 5467D7A1281EF72300F8EFF8 /* RecipeView.swift */; };
		71D5678D281BBD830066F396 /* RecipeSaverApp.swift in Sources */ = {isa = PBXBuildFile; fileRef = 71D5678C281BBD830066F396 /* RecipeSaverApp.swift */; };
		71D5678F281BBD830066F396 /* ContentView.swift in Sources */ = {isa = PBXBuildFile; fileRef = 71D5678E281BBD830066F396 /* ContentView.swift */; };
		71D56791281BBD840066F396 /* Assets.xcassets in Resources */ = {isa = PBXBuildFile; fileRef = 71D56790281BBD840066F396 /* Assets.xcassets */; };
		71D56794281BBD840066F396 /* Preview Assets.xcassets in Resources */ = {isa = PBXBuildFile; fileRef = 71D56793281BBD840066F396 /* Preview Assets.xcassets */; };
		71D567A1281BC4EB0066F396 /* HomeView.swift in Sources */ = {isa = PBXBuildFile; fileRef = 71D567A0281BC4EB0066F396 /* HomeView.swift */; };
		71D567A3281BC52D0066F396 /* CategoriesView.swift in Sources */ = {isa = PBXBuildFile; fileRef = 71D567A2281BC52D0066F396 /* CategoriesView.swift */; };
		71D567A5281BC5470066F396 /* NewRecipeView.swift in Sources */ = {isa = PBXBuildFile; fileRef = 71D567A4281BC5470066F396 /* NewRecipeView.swift */; };
		71D567A7281BC56C0066F396 /* FavoritesView.swift in Sources */ = {isa = PBXBuildFile; fileRef = 71D567A6281BC56C0066F396 /* FavoritesView.swift */; };
		71D567A9281BC57C0066F396 /* SettingsView.swift in Sources */ = {isa = PBXBuildFile; fileRef = 71D567A8281BC57C0066F396 /* SettingsView.swift */; };
		71D567AB281BC7810066F396 /* TabBar.swift in Sources */ = {isa = PBXBuildFile; fileRef = 71D567AA281BC7810066F396 /* TabBar.swift */; };
		71D567AD281BD76F0066F396 /* RecipeModel.swift in Sources */ = {isa = PBXBuildFile; fileRef = 71D567AC281BD76F0066F396 /* RecipeModel.swift */; };
/* End PBXBuildFile section */

/* Begin PBXFileReference section */
		543C60592820106500558D7B /* CategoryView.swift */ = {isa = PBXFileReference; lastKnownFileType = sourcecode.swift; path = CategoryView.swift; sourceTree = SOURCE_ROOT; };
		5467D79D281ECA8100F8EFF8 /* RecipeCard.swift */ = {isa = PBXFileReference; lastKnownFileType = sourcecode.swift; path = RecipeCard.swift; sourceTree = SOURCE_ROOT; };
		5467D79F281EEFD900F8EFF8 /* RecipeList.swift */ = {isa = PBXFileReference; lastKnownFileType = sourcecode.swift; path = RecipeList.swift; sourceTree = SOURCE_ROOT; };
		5467D7A1281EF72300F8EFF8 /* RecipeView.swift */ = {isa = PBXFileReference; lastKnownFileType = sourcecode.swift; path = RecipeView.swift; sourceTree = SOURCE_ROOT; };
		71D56789281BBD830066F396 /* RecipeSaver.app */ = {isa = PBXFileReference; explicitFileType = wrapper.application; includeInIndex = 0; path = RecipeSaver.app; sourceTree = BUILT_PRODUCTS_DIR; };
		71D5678C281BBD830066F396 /* RecipeSaverApp.swift */ = {isa = PBXFileReference; lastKnownFileType = sourcecode.swift; path = RecipeSaverApp.swift; sourceTree = "<group>"; };
		71D5678E281BBD830066F396 /* ContentView.swift */ = {isa = PBXFileReference; lastKnownFileType = sourcecode.swift; path = ContentView.swift; sourceTree = "<group>"; };
		71D56790281BBD840066F396 /* Assets.xcassets */ = {isa = PBXFileReference; lastKnownFileType = folder.assetcatalog; path = Assets.xcassets; sourceTree = "<group>"; };
		71D56793281BBD840066F396 /* Preview Assets.xcassets */ = {isa = PBXFileReference; lastKnownFileType = folder.assetcatalog; path = "Preview Assets.xcassets"; sourceTree = "<group>"; };
		71D567A0281BC4EB0066F396 /* HomeView.swift */ = {isa = PBXFileReference; lastKnownFileType = sourcecode.swift; path = HomeView.swift; sourceTree = "<group>"; };
		71D567A2281BC52D0066F396 /* CategoriesView.swift */ = {isa = PBXFileReference; lastKnownFileType = sourcecode.swift; path = CategoriesView.swift; sourceTree = "<group>"; };
		71D567A4281BC5470066F396 /* NewRecipeView.swift */ = {isa = PBXFileReference; lastKnownFileType = sourcecode.swift; path = NewRecipeView.swift; sourceTree = "<group>"; };
		71D567A6281BC56C0066F396 /* FavoritesView.swift */ = {isa = PBXFileReference; lastKnownFileType = sourcecode.swift; path = FavoritesView.swift; sourceTree = "<group>"; };
		71D567A8281BC57C0066F396 /* SettingsView.swift */ = {isa = PBXFileReference; lastKnownFileType = sourcecode.swift; path = SettingsView.swift; sourceTree = "<group>"; };
		71D567AA281BC7810066F396 /* TabBar.swift */ = {isa = PBXFileReference; lastKnownFileType = sourcecode.swift; path = TabBar.swift; sourceTree = "<group>"; };
		71D567AC281BD76F0066F396 /* RecipeModel.swift */ = {isa = PBXFileReference; lastKnownFileType = sourcecode.swift; path = RecipeModel.swift; sourceTree = "<group>"; };
/* End PBXFileReference section */

/* Begin PBXFrameworksBuildPhase section */
		71D56786281BBD830066F396 /* Frameworks */ = {
			isa = PBXFrameworksBuildPhase;
			buildActionMask = 2147483647;
			files = (
			);
			runOnlyForDeploymentPostprocessing = 0;
		};
/* End PBXFrameworksBuildPhase section */

/* Begin PBXGroup section */
		71D56780281BBD830066F396 = {
			isa = PBXGroup;
			children = (
				71D5678B281BBD830066F396 /* RecipeSaver */,
				71D5678A281BBD830066F396 /* Products */,
			);
			sourceTree = "<group>";
		};
		71D5678A281BBD830066F396 /* Products */ = {
			isa = PBXGroup;
			children = (
				71D56789281BBD830066F396 /* RecipeSaver.app */,
			);
			name = Products;
			sourceTree = "<group>";
		};
		71D5678B281BBD830066F396 /* RecipeSaver */ = {
			isa = PBXGroup;
			children = (
				71D5679F281BC0560066F396 /* Models */,
				71D5679E281BC04B0066F396 /* ViewModels */,
				71D5679A281BBF620066F396 /* Views */,
				71D5678C281BBD830066F396 /* RecipeSaverApp.swift */,
				71D56790281BBD840066F396 /* Assets.xcassets */,
				71D56792281BBD840066F396 /* Preview Content */,
			);
			path = RecipeSaver;
			sourceTree = "<group>";
		};
		71D56792281BBD840066F396 /* Preview Content */ = {
			isa = PBXGroup;
			children = (
				71D56793281BBD840066F396 /* Preview Assets.xcassets */,
			);
			path = "Preview Content";
			sourceTree = "<group>";
		};
		71D5679A281BBF620066F396 /* Views */ = {
			isa = PBXGroup;
			children = (
				71D5679D281BC0370066F396 /* Components */,
				71D5679C281BC0230066F396 /* Detail */,
				71D5679B281BC01D0066F396 /* Main */,
			);
			path = Views;
			sourceTree = "<group>";
		};
		71D5679B281BC01D0066F396 /* Main */ = {
			isa = PBXGroup;
			children = (
				71D5678E281BBD830066F396 /* ContentView.swift */,
				71D567AA281BC7810066F396 /* TabBar.swift */,
				71D567A0281BC4EB0066F396 /* HomeView.swift */,
				71D567A2281BC52D0066F396 /* CategoriesView.swift */,
				71D567A4281BC5470066F396 /* NewRecipeView.swift */,
				71D567A6281BC56C0066F396 /* FavoritesView.swift */,
				71D567A8281BC57C0066F396 /* SettingsView.swift */,
			);
			path = Main;
			sourceTree = "<group>";
		};
		71D5679C281BC0230066F396 /* Detail */ = {
			isa = PBXGroup;
			children = (
				5467D7A1281EF72300F8EFF8 /* RecipeView.swift */,
				543C60592820106500558D7B /* CategoryView.swift */,
			);
			path = Detail;
			sourceTree = "<group>";
		};
		71D5679D281BC0370066F396 /* Components */ = {
			isa = PBXGroup;
			children = (
				5467D79D281ECA8100F8EFF8 /* RecipeCard.swift */,
				5467D79F281EEFD900F8EFF8 /* RecipeList.swift */,
			);
			path = Components;
			sourceTree = "<group>";
		};
		71D5679E281BC04B0066F396 /* ViewModels */ = {
			isa = PBXGroup;
			children = (
			);
			path = ViewModels;
			sourceTree = "<group>";
		};
		71D5679F281BC0560066F396 /* Models */ = {
			isa = PBXGroup;
			children = (
				71D567AC281BD76F0066F396 /* RecipeModel.swift */,
			);
			path = Models;
			sourceTree = "<group>";
		};
/* End PBXGroup section */

/* Begin PBXNativeTarget section */
		71D56788281BBD830066F396 /* RecipeSaver */ = {
			isa = PBXNativeTarget;
			buildConfigurationList = 71D56797281BBD840066F396 /* Build configuration list for PBXNativeTarget "RecipeSaver" */;
			buildPhases = (
				71D56785281BBD830066F396 /* Sources */,
				71D56786281BBD830066F396 /* Frameworks */,
				71D56787281BBD830066F396 /* Resources */,
			);
			buildRules = (
			);
			dependencies = (
			);
			name = RecipeSaver;
			productName = RecipeSaver;
			productReference = 71D56789281BBD830066F396 /* RecipeSaver.app */;
			productType = "com.apple.product-type.application";
		};
/* End PBXNativeTarget section */

/* Begin PBXProject section */
		71D56781281BBD830066F396 /* Project object */ = {
			isa = PBXProject;
			attributes = {
				BuildIndependentTargetsInParallel = 1;
				LastSwiftUpdateCheck = 1330;
				LastUpgradeCheck = 1330;
				TargetAttributes = {
					71D56788281BBD830066F396 = {
						CreatedOnToolsVersion = 13.3;
					};
				};
			};
			buildConfigurationList = 71D56784281BBD830066F396 /* Build configuration list for PBXProject "RecipeSaver" */;
			compatibilityVersion = "Xcode 13.0";
			developmentRegion = en;
			hasScannedForEncodings = 0;
			knownRegions = (
				en,
				Base,
			);
			mainGroup = 71D56780281BBD830066F396;
			productRefGroup = 71D5678A281BBD830066F396 /* Products */;
			projectDirPath = "";
			projectRoot = "";
			targets = (
				71D56788281BBD830066F396 /* RecipeSaver */,
			);
		};
/* End PBXProject section */

/* Begin PBXResourcesBuildPhase section */
		71D56787281BBD830066F396 /* Resources */ = {
			isa = PBXResourcesBuildPhase;
			buildActionMask = 2147483647;
			files = (
				71D56794281BBD840066F396 /* Preview Assets.xcassets in Resources */,
				71D56791281BBD840066F396 /* Assets.xcassets in Resources */,
			);
			runOnlyForDeploymentPostprocessing = 0;
		};
/* End PBXResourcesBuildPhase section */

/* Begin PBXSourcesBuildPhase section */
		71D56785281BBD830066F396 /* Sources */ = {
			isa = PBXSourcesBuildPhase;
			buildActionMask = 2147483647;
			files = (
				71D567A9281BC57C0066F396 /* SettingsView.swift in Sources */,
				5467D79E281ECA8100F8EFF8 /* RecipeCard.swift in Sources */,
				71D567A3281BC52D0066F396 /* CategoriesView.swift in Sources */,
				71D567A5281BC5470066F396 /* NewRecipeView.swift in Sources */,
				71D567AB281BC7810066F396 /* TabBar.swift in Sources */,
				543C605A2820106500558D7B /* CategoryView.swift in Sources */,
				71D567A7281BC56C0066F396 /* FavoritesView.swift in Sources */,
				5467D7A2281EF72300F8EFF8 /* RecipeView.swift in Sources */,
				5467D7A0281EEFD900F8EFF8 /* RecipeList.swift in Sources */,
				71D567A1281BC4EB0066F396 /* HomeView.swift in Sources */,
				71D5678F281BBD830066F396 /* ContentView.swift in Sources */,
				71D5678D281BBD830066F396 /* RecipeSaverApp.swift in Sources */,
				71D567AD281BD76F0066F396 /* RecipeModel.swift in Sources */,
			);
			runOnlyForDeploymentPostprocessing = 0;
		};
/* End PBXSourcesBuildPhase section */

/* Begin XCBuildConfiguration section */
		71D56795281BBD840066F396 /* Debug */ = {
			isa = XCBuildConfiguration;
			buildSettings = {
				ALWAYS_SEARCH_USER_PATHS = NO;
				CLANG_ANALYZER_NONNULL = YES;
				CLANG_ANALYZER_NUMBER_OBJECT_CONVERSION = YES_AGGRESSIVE;
				CLANG_CXX_LANGUAGE_STANDARD = "gnu++17";
				CLANG_ENABLE_MODULES = YES;
				CLANG_ENABLE_OBJC_ARC = YES;
				CLANG_ENABLE_OBJC_WEAK = YES;
				CLANG_WARN_BLOCK_CAPTURE_AUTORELEASING = YES;
				CLANG_WARN_BOOL_CONVERSION = YES;
				CLANG_WARN_COMMA = YES;
				CLANG_WARN_CONSTANT_CONVERSION = YES;
				CLANG_WARN_DEPRECATED_OBJC_IMPLEMENTATIONS = YES;
				CLANG_WARN_DIRECT_OBJC_ISA_USAGE = YES_ERROR;
				CLANG_WARN_DOCUMENTATION_COMMENTS = YES;
				CLANG_WARN_EMPTY_BODY = YES;
				CLANG_WARN_ENUM_CONVERSION = YES;
				CLANG_WARN_INFINITE_RECURSION = YES;
				CLANG_WARN_INT_CONVERSION = YES;
				CLANG_WARN_NON_LITERAL_NULL_CONVERSION = YES;
				CLANG_WARN_OBJC_IMPLICIT_RETAIN_SELF = YES;
				CLANG_WARN_OBJC_LITERAL_CONVERSION = YES;
				CLANG_WARN_OBJC_ROOT_CLASS = YES_ERROR;
				CLANG_WARN_QUOTED_INCLUDE_IN_FRAMEWORK_HEADER = YES;
				CLANG_WARN_RANGE_LOOP_ANALYSIS = YES;
				CLANG_WARN_STRICT_PROTOTYPES = YES;
				CLANG_WARN_SUSPICIOUS_MOVE = YES;
				CLANG_WARN_UNGUARDED_AVAILABILITY = YES_AGGRESSIVE;
				CLANG_WARN_UNREACHABLE_CODE = YES;
				CLANG_WARN__DUPLICATE_METHOD_MATCH = YES;
				COPY_PHASE_STRIP = NO;
				DEBUG_INFORMATION_FORMAT = dwarf;
				ENABLE_STRICT_OBJC_MSGSEND = YES;
				ENABLE_TESTABILITY = YES;
				GCC_C_LANGUAGE_STANDARD = gnu11;
				GCC_DYNAMIC_NO_PIC = NO;
				GCC_NO_COMMON_BLOCKS = YES;
				GCC_OPTIMIZATION_LEVEL = 0;
				GCC_PREPROCESSOR_DEFINITIONS = (
					"DEBUG=1",
					"$(inherited)",
				);
				GCC_WARN_64_TO_32_BIT_CONVERSION = YES;
				GCC_WARN_ABOUT_RETURN_TYPE = YES_ERROR;
				GCC_WARN_UNDECLARED_SELECTOR = YES;
				GCC_WARN_UNINITIALIZED_AUTOS = YES_AGGRESSIVE;
				GCC_WARN_UNUSED_FUNCTION = YES;
				GCC_WARN_UNUSED_VARIABLE = YES;
				IPHONEOS_DEPLOYMENT_TARGET = 15.4;
				MTL_ENABLE_DEBUG_INFO = INCLUDE_SOURCE;
				MTL_FAST_MATH = YES;
				ONLY_ACTIVE_ARCH = YES;
				SDKROOT = iphoneos;
				SWIFT_ACTIVE_COMPILATION_CONDITIONS = DEBUG;
				SWIFT_OPTIMIZATION_LEVEL = "-Onone";
			};
			name = Debug;
		};
		71D56796281BBD840066F396 /* Release */ = {
			isa = XCBuildConfiguration;
			buildSettings = {
				ALWAYS_SEARCH_USER_PATHS = NO;
				CLANG_ANALYZER_NONNULL = YES;
				CLANG_ANALYZER_NUMBER_OBJECT_CONVERSION = YES_AGGRESSIVE;
				CLANG_CXX_LANGUAGE_STANDARD = "gnu++17";
				CLANG_ENABLE_MODULES = YES;
				CLANG_ENABLE_OBJC_ARC = YES;
				CLANG_ENABLE_OBJC_WEAK = YES;
				CLANG_WARN_BLOCK_CAPTURE_AUTORELEASING = YES;
				CLANG_WARN_BOOL_CONVERSION = YES;
				CLANG_WARN_COMMA = YES;
				CLANG_WARN_CONSTANT_CONVERSION = YES;
				CLANG_WARN_DEPRECATED_OBJC_IMPLEMENTATIONS = YES;
				CLANG_WARN_DIRECT_OBJC_ISA_USAGE = YES_ERROR;
				CLANG_WARN_DOCUMENTATION_COMMENTS = YES;
				CLANG_WARN_EMPTY_BODY = YES;
				CLANG_WARN_ENUM_CONVERSION = YES;
				CLANG_WARN_INFINITE_RECURSION = YES;
				CLANG_WARN_INT_CONVERSION = YES;
				CLANG_WARN_NON_LITERAL_NULL_CONVERSION = YES;
				CLANG_WARN_OBJC_IMPLICIT_RETAIN_SELF = YES;
				CLANG_WARN_OBJC_LITERAL_CONVERSION = YES;
				CLANG_WARN_OBJC_ROOT_CLASS = YES_ERROR;
				CLANG_WARN_QUOTED_INCLUDE_IN_FRAMEWORK_HEADER = YES;
				CLANG_WARN_RANGE_LOOP_ANALYSIS = YES;
				CLANG_WARN_STRICT_PROTOTYPES = YES;
				CLANG_WARN_SUSPICIOUS_MOVE = YES;
				CLANG_WARN_UNGUARDED_AVAILABILITY = YES_AGGRESSIVE;
				CLANG_WARN_UNREACHABLE_CODE = YES;
				CLANG_WARN__DUPLICATE_METHOD_MATCH = YES;
				COPY_PHASE_STRIP = NO;
				DEBUG_INFORMATION_FORMAT = "dwarf-with-dsym";
				ENABLE_NS_ASSERTIONS = NO;
				ENABLE_STRICT_OBJC_MSGSEND = YES;
				GCC_C_LANGUAGE_STANDARD = gnu11;
				GCC_NO_COMMON_BLOCKS = YES;
				GCC_WARN_64_TO_32_BIT_CONVERSION = YES;
				GCC_WARN_ABOUT_RETURN_TYPE = YES_ERROR;
				GCC_WARN_UNDECLARED_SELECTOR = YES;
				GCC_WARN_UNINITIALIZED_AUTOS = YES_AGGRESSIVE;
				GCC_WARN_UNUSED_FUNCTION = YES;
				GCC_WARN_UNUSED_VARIABLE = YES;
				IPHONEOS_DEPLOYMENT_TARGET = 15.4;
				MTL_ENABLE_DEBUG_INFO = NO;
				MTL_FAST_MATH = YES;
				SDKROOT = iphoneos;
				SWIFT_COMPILATION_MODE = wholemodule;
				SWIFT_OPTIMIZATION_LEVEL = "-O";
				VALIDATE_PRODUCT = YES;
			};
			name = Release;
		};
		71D56798281BBD840066F396 /* Debug */ = {
			isa = XCBuildConfiguration;
			buildSettings = {
				ASSETCATALOG_COMPILER_APPICON_NAME = AppIcon;
				ASSETCATALOG_COMPILER_GLOBAL_ACCENT_COLOR_NAME = AccentColor;
				CODE_SIGN_STYLE = Automatic;
				CURRENT_PROJECT_VERSION = 1;
				DEVELOPMENT_ASSET_PATHS = "\"RecipeSaver/Preview Content\"";
				DEVELOPMENT_TEAM = W2Z849MJ9M;
				ENABLE_PREVIEWS = YES;
				GENERATE_INFOPLIST_FILE = YES;
				INFOPLIST_KEY_UIApplicationSceneManifest_Generation = YES;
				INFOPLIST_KEY_UIApplicationSupportsIndirectInputEvents = YES;
				INFOPLIST_KEY_UILaunchScreen_Generation = YES;
				INFOPLIST_KEY_UISupportedInterfaceOrientations_iPad = "UIInterfaceOrientationPortrait UIInterfaceOrientationPortraitUpsideDown UIInterfaceOrientationLandscapeLeft UIInterfaceOrientationLandscapeRight";
				INFOPLIST_KEY_UISupportedInterfaceOrientations_iPhone = "UIInterfaceOrientationPortrait UIInterfaceOrientationLandscapeLeft UIInterfaceOrientationLandscapeRight";
				LD_RUNPATH_SEARCH_PATHS = (
					"$(inherited)",
					"@executable_path/Frameworks",
				);
				MARKETING_VERSION = 1.0;
				PRODUCT_BUNDLE_IDENTIFIER = io.designcode.RecipeSaver;
				PRODUCT_NAME = "$(TARGET_NAME)";
				SWIFT_EMIT_LOC_STRINGS = YES;
				SWIFT_VERSION = 5.0;
				TARGETED_DEVICE_FAMILY = "1,2";
			};
			name = Debug;
		};
		71D56799281BBD840066F396 /* Release */ = {
			isa = XCBuildConfiguration;
			buildSettings = {
				ASSETCATALOG_COMPILER_APPICON_NAME = AppIcon;
				ASSETCATALOG_COMPILER_GLOBAL_ACCENT_COLOR_NAME = AccentColor;
				CODE_SIGN_STYLE = Automatic;
				CURRENT_PROJECT_VERSION = 1;
				DEVELOPMENT_ASSET_PATHS = "\"RecipeSaver/Preview Content\"";
				DEVELOPMENT_TEAM = W2Z849MJ9M;
				ENABLE_PREVIEWS = YES;
				GENERATE_INFOPLIST_FILE = YES;
				INFOPLIST_KEY_UIApplicationSceneManifest_Generation = YES;
				INFOPLIST_KEY_UIApplicationSupportsIndirectInputEvents = YES;
				INFOPLIST_KEY_UILaunchScreen_Generation = YES;
				INFOPLIST_KEY_UISupportedInterfaceOrientations_iPad = "UIInterfaceOrientationPortrait UIInterfaceOrientationPortraitUpsideDown UIInterfaceOrientationLandscapeLeft UIInterfaceOrientationLandscapeRight";
				INFOPLIST_KEY_UISupportedInterfaceOrientations_iPhone = "UIInterfaceOrientationPortrait UIInterfaceOrientationLandscapeLeft UIInterfaceOrientationLandscapeRight";
				LD_RUNPATH_SEARCH_PATHS = (
					"$(inherited)",
					"@executable_path/Frameworks",
				);
				MARKETING_VERSION = 1.0;
				PRODUCT_BUNDLE_IDENTIFIER = io.designcode.RecipeSaver;
				PRODUCT_NAME = "$(TARGET_NAME)";
				SWIFT_EMIT_LOC_STRINGS = YES;
				SWIFT_VERSION = 5.0;
				TARGETED_DEVICE_FAMILY = "1,2";
			};
			name = Release;
		};
/* End XCBuildConfiguration section */

/* Begin XCConfigurationList section */
		71D56784281BBD830066F396 /* Build configuration list for PBXProject "RecipeSaver" */ = {
			isa = XCConfigurationList;
			buildConfigurations = (
				71D56795281BBD840066F396 /* Debug */,
				71D56796281BBD840066F396 /* Release */,
			);
			defaultConfigurationIsVisible = 0;
			defaultConfigurationName = Release;
		};
		71D56797281BBD840066F396 /* Build configuration list for PBXNativeTarget "RecipeSaver" */ = {
			isa = XCConfigurationList;
			buildConfigurations = (
				71D56798281BBD840066F396 /* Debug */,
				71D56799281BBD840066F396 /* Release */,
			);
			defaultConfigurationIsVisible = 0;
			defaultConfigurationName = Release;
		};
/* End XCConfigurationList section */
	};
	rootObject = 71D56781281BBD830066F396 /* Project object */;
}
